# @generated - this file is auto-generated by `mise lock` https://mise.jdx.dev/dev-tools/mise-lock.html

[[tools."aqua:bats-core/bats-core"]]
version = "1.14.0"
backend = "aqua:bats-core/bats-core"

[tools."aqua:bats-core/bats-core"."platforms.linux-arm64"]
url = "https://github.com/bats-core/bats-core/archive/refs/tags/v1.14.0.tar.gz"
url_api = "https://api.github.com/repos/bats-core/bats-core/tarball/v1.14.0"

[tools."aqua:bats-core/bats-core"."platforms.linux-arm64-musl"]
url = "https://github.com/bats-core/bats-core/archive/refs/tags/v1.14.0.tar.gz"
url_api = "https://api.github.com/repos/bats-core/bats-core/tarball/v1.14.0"

[tools."aqua:bats-core/bats-core"."platforms.linux-x64"]
url = "https://github.com/bats-core/bats-core/archive/refs/tags/v1.14.0.tar.gz"
url_api = "https://api.github.com/repos/bats-core/bats-core/tarball/v1.14.0"

[tools."aqua:bats-core/bats-core"."platforms.linux-x64-baseline"]
url = "https://github.com/bats-core/bats-core/archive/refs/tags/v1.14.0.tar.gz"
url_api = "https://api.github.com/repos/bats-core/bats-core/tarball/v1.14.0"

[tools."aqua:bats-core/bats-core"."platforms.linux-x64-musl"]
url = "https://github.com/bats-core/bats-core/archive/refs/tags/v1.14.0.tar.gz"
url_api = "https://api.github.com/repos/bats-core/bats-core/tarball/v1.14.0"

[tools."aqua:bats-core/bats-core"."platforms.linux-x64-musl-baseline"]
url = "https://github.com/bats-core/bats-core/archive/refs/tags/v1.14.0.tar.gz"
url_api = "https://api.github.com/repos/bats-core/bats-core/tarball/v1.14.0"

[tools."aqua:bats-core/bats-core"."platforms.macos-arm64"]
url = "https://github.com/bats-core/bats-core/archive/refs/tags/v1.14.0.tar.gz"
url_api = "https://api.github.com/repos/bats-core/bats-core/tarball/v1.14.0"

[tools."aqua:bats-core/bats-core"."platforms.macos-x64"]
url = "https://github.com/bats-core/bats-core/archive/refs/tags/v1.14.0.tar.gz"
url_api = "https://api.github.com/repos/bats-core/bats-core/tarball/v1.14.0"

[tools."aqua:bats-core/bats-core"."platforms.macos-x64-baseline"]
url = "https://github.com/bats-core/bats-core/archive/refs/tags/v1.14.0.tar.gz"
url_api = "https://api.github.com/repos/bats-core/bats-core/tarball/v1.14.0"

[[tools."aqua:koalaman/shellcheck"]]
version = "0.11.0"
backend = "aqua:koalaman/shellcheck"

[tools."aqua:koalaman/shellcheck"."platforms.linux-arm64"]
checksum = "sha256:12b331c1d2db6b9eb13cfca64306b1b157a86eb69db83023e261eaa7e7c14588"
url = "https://github.com/koalaman/shellcheck/releases/download/v0.11.0/shellcheck-v0.11.0.linux.aarch64.tar.xz"
url_api = "https://api.github.com/repos/koalaman/shellcheck/releases/assets/279056934"

[tools."aqua:koalaman/shellcheck"."platforms.linux-arm64-musl"]
checksum = "sha256:12b331c1d2db6b9eb13cfca64306b1b157a86eb69db83023e261eaa7e7c14588"
url = "https://github.com/koalaman/shellcheck/releases/download/v0.11.0/shellcheck-v0.11.0.linux.aarch64.tar.xz"
url_api = "https://api.github.com/repos/koalaman/shellcheck/releases/assets/279056934"

[tools."aqua:koalaman/shellcheck"."platforms.linux-x64"]
checksum = "sha256:8c3be12b05d5c177a04c29e3c78ce89ac86f1595681cab149b65b97c4e227198"
url = "https://github.com/koalaman/shellcheck/releases/download/v0.11.0/shellcheck-v0.11.0.linux.x86_64.tar.xz"
url_api = "https://api.github.com/repos/koalaman/shellcheck/releases/assets/279056942"

[tools."aqua:koalaman/shellcheck"."platforms.linux-x64-baseline"]
checksum = "sha256:8c3be12b05d5c177a04c29e3c78ce89ac86f1595681cab149b65b97c4e227198"
url = "https://github.com/koalaman/shellcheck/releases/download/v0.11.0/shellcheck-v0.11.0.linux.x86_64.tar.xz"
url_api = "https://api.github.com/repos/koalaman/shellcheck/releases/assets/279056942"

[tools."aqua:koalaman/shellcheck"."platforms.linux-x64-musl"]
checksum = "sha256:8c3be12b05d5c177a04c29e3c78ce89ac86f1595681cab149b65b97c4e227198"
url = "https://github.com/koalaman/shellcheck/releases/download/v0.11.0/shellcheck-v0.11.0.linux.x86_64.tar.xz"
url_api = "https://api.github.com/repos/koalaman/shellcheck/releases/assets/279056942"

[tools."aqua:koalaman/shellcheck"."platforms.linux-x64-musl-baseline"]
checksum = "sha256:8c3be12b05d5c177a04c29e3c78ce89ac86f1595681cab149b65b97c4e227198"
url = "https://github.com/koalaman/shellcheck/releases/download/v0.11.0/shellcheck-v0.11.0.linux.x86_64.tar.xz"
url_api = "https://api.github.com/repos/koalaman/shellcheck/releases/assets/279056942"

[tools."aqua:koalaman/shellcheck"."platforms.macos-arm64"]
checksum = "sha256:56affdd8de5527894dca6dc3d7e0a99a873b0f004d7aabc30ae407d3f48b0a79"
url = "https://github.com/koalaman/shellcheck/releases/download/v0.11.0/shellcheck-v0.11.0.darwin.aarch64.tar.xz"
url_api = "https://api.github.com/repos/koalaman/shellcheck/releases/assets/279056932"

[tools."aqua:koalaman/shellcheck"."platforms.macos-x64"]
checksum = "sha256:3c89db4edcab7cf1c27bff178882e0f6f27f7afdf54e859fa041fca10febe4c6"
url = "https://github.com/koalaman/shellcheck/releases/download/v0.11.0/shellcheck-v0.11.0.darwin.x86_64.tar.xz"
url_api = "https://api.github.com/repos/koalaman/shellcheck/releases/assets/279056930"

[tools."aqua:koalaman/shellcheck"."platforms.macos-x64-baseline"]
checksum = "sha256:3c89db4edcab7cf1c27bff178882e0f6f27f7afdf54e859fa041fca10febe4c6"
url = "https://github.com/koalaman/shellcheck/releases/download/v0.11.0/shellcheck-v0.11.0.darwin.x86_64.tar.xz"
url_api = "https://api.github.com/repos/koalaman/shellcheck/releases/assets/279056930"

[tools."aqua:koalaman/shellcheck"."platforms.windows-x64"]
checksum = "sha256:8a4e35ab0b331c85d73567b12f2a444df187f483e5079ceffa6bda1faa2e740e"
url = "https://github.com/koalaman/shellcheck/releases/download/v0.11.0/shellcheck-v0.11.0.zip"
url_api = "https://api.github.com/repos/koalaman/shellcheck/releases/assets/279056944"

[tools."aqua:koalaman/shellcheck"."platforms.windows-x64-baseline"]
checksum = "sha256:8a4e35ab0b331c85d73567b12f2a444df187f483e5079ceffa6bda1faa2e740e"
url = "https://github.com/koalaman/shellcheck/releases/download/v0.11.0/shellcheck-v0.11.0.zip"
url_api = "https://api.github.com/repos/koalaman/shellcheck/releases/assets/279056944"

[[tools."aqua:mvdan/sh"]]
version = "3.13.1"
backend = "aqua:mvdan/sh"

[tools."aqua:mvdan/sh"."platforms.linux-arm64"]
checksum = "sha256:32d92acaa5cd8abb29fc49dac123dc412442d5713967819d8af2c29f1b3857c7"
url = "https://github.com/mvdan/sh/releases/download/v3.13.1/shfmt_v3.13.1_linux_arm64"
url_api = "https://api.github.com/repos/mvdan/sh/releases/assets/390322859"

[tools."aqua:mvdan/sh"."platforms.linux-arm64-musl"]
checksum = "sha256:32d92acaa5cd8abb29fc49dac123dc412442d5713967819d8af2c29f1b3857c7"
url = "https://github.com/mvdan/sh/releases/download/v3.13.1/shfmt_v3.13.1_linux_arm64"
url_api = "https://api.github.com/repos/mvdan/sh/releases/assets/390322859"

[tools."aqua:mvdan/sh"."platforms.linux-x64"]
checksum = "sha256:fb096c5d1ac6beabbdbaa2874d025badb03ee07929f0c9ff67563ce8c75398b1"
url = "https://github.com/mvdan/sh/releases/download/v3.13.1/shfmt_v3.13.1_linux_amd64"
url_api = "https://api.github.com/repos/mvdan/sh/releases/assets/390322866"

[tools."aqua:mvdan/sh"."platforms.linux-x64-baseline"]
checksum = "sha256:fb096c5d1ac6beabbdbaa2874d025badb03ee07929f0c9ff67563ce8c75398b1"
url = "https://github.com/mvdan/sh/releases/download/v3.13.1/shfmt_v3.13.1_linux_amd64"
url_api = "https://api.github.com/repos/mvdan/sh/releases/assets/390322866"

[tools."aqua:mvdan/sh"."platforms.linux-x64-musl"]
checksum = "sha256:fb096c5d1ac6beabbdbaa2874d025badb03ee07929f0c9ff67563ce8c75398b1"
url = "https://github.com/mvdan/sh/releases/download/v3.13.1/shfmt_v3.13.1_linux_amd64"
url_api = "https://api.github.com/repos/mvdan/sh/releases/assets/390322866"

[tools."aqua:mvdan/sh"."platforms.linux-x64-musl-baseline"]
checksum = "sha256:fb096c5d1ac6beabbdbaa2874d025badb03ee07929f0c9ff67563ce8c75398b1"
url = "https://github.com/mvdan/sh/releases/download/v3.13.1/shfmt_v3.13.1_linux_amd64"
url_api = "https://api.github.com/repos/mvdan/sh/releases/assets/390322866"

[tools."aqua:mvdan/sh"."platforms.macos-arm64"]
checksum = "sha256:9680526be4a66ea1ffe988ed08af58e1400fe1e4f4aef5bd88b20bb9b3da33f8"
url = "https://github.com/mvdan/sh/releases/download/v3.13.1/shfmt_v3.13.1_darwin_arm64"
url_api = "https://api.github.com/repos/mvdan/sh/releases/assets/390322881"

[tools."aqua:mvdan/sh"."platforms.macos-x64"]
checksum = "sha256:6feedafc72915794163114f512348e2437d080d0047ef8b8fa2ec63b575f12af"
url = "https://github.com/mvdan/sh/releases/download/v3.13.1/shfmt_v3.13.1_darwin_amd64"
url_api = "https://api.github.com/repos/mvdan/sh/releases/assets/390322886"

[tools."aqua:mvdan/sh"."platforms.macos-x64-baseline"]
checksum = "sha256:6feedafc72915794163114f512348e2437d080d0047ef8b8fa2ec63b575f12af"
url = "https://github.com/mvdan/sh/releases/download/v3.13.1/shfmt_v3.13.1_darwin_amd64"
url_api = "https://api.github.com/repos/mvdan/sh/releases/assets/390322886"

[tools."aqua:mvdan/sh"."platforms.windows-x64"]
checksum = "sha256:60cd368533d0ad73fa86d93d5bbf95ef40587245ce684ed138c1b31557b5fe97"
url = "https://github.com/mvdan/sh/releases/download/v3.13.1/shfmt_v3.13.1_windows_amd64.exe"
url_api = "https://api.github.com/repos/mvdan/sh/releases/assets/390322844"

[tools."aqua:mvdan/sh"."platforms.windows-x64-baseline"]
checksum = "sha256:60cd368533d0ad73fa86d93d5bbf95ef40587245ce684ed138c1b31557b5fe97"
url = "https://github.com/mvdan/sh/releases/download/v3.13.1/shfmt_v3.13.1_windows_amd64.exe"
url_api = "https://api.github.com/repos/mvdan/sh/releases/assets/390322844"

[[tools.bun]]
version = "1.3.14"
backend = "core:bun"

[tools.bun."platforms.linux-arm64"]
checksum = "sha256:a27ffb63a8310375836e0d6f668ae17fa8d8d18b88c37c821c65331973a19a3b"
url = "https://github.com/oven-sh/bun/releases/download/bun-v1.3.14/bun-linux-aarch64.zip"

[tools.bun."platforms.linux-arm64-musl"]
checksum = "sha256:b98e0ad3625c5c00d1d5b5ff55605c7adddbfae151861e68ade57b2d3b8703bb"
url = "https://github.com/oven-sh/bun/releases/download/bun-v1.3.14/bun-linux-aarch64-musl.zip"

[tools.bun."platforms.linux-x64"]
checksum = "sha256:951ee2aee855f08595aeec6225226a298d3fea83a3dcd6465c09cbccdf7e848f"
url = "https://github.com/oven-sh/bun/releases/download/bun-v1.3.14/bun-linux-x64.zip"

[tools.bun."platforms.linux-x64-baseline"]
checksum = "sha256:a063908ae08b7852ca10939bbdc6ceed3ddabce8fb9402dce83d65d73b36e6c7"
url = "https://github.com/oven-sh/bun/releases/download/bun-v1.3.14/bun-linux-x64-baseline.zip"

[tools.bun."platforms.linux-x64-musl"]
checksum = "sha256:14bd9aedeebf1dba67e8def9531c89bc989ecfdf1de42e5bfcaf1b8cd9294719"
url = "https://github.com/oven-sh/bun/releases/download/bun-v1.3.14/bun-linux-x64-musl.zip"

[tools.bun."platforms.linux-x64-musl-baseline"]
checksum = "sha256:56a7d6806cf155536c0178f0ea5fbd098e684fa509ebdb4fc0a7e19fb65382dc"
url = "https://github.com/oven-sh/bun/releases/download/bun-v1.3.14/bun-linux-x64-musl-baseline.zip"

[tools.bun."platforms.macos-arm64"]
checksum = "sha256:d8b96221828ad6f97ac7ac0ab7e95872341af763001e8803e8267652c2652620"
url = "https://github.com/oven-sh/bun/releases/download/bun-v1.3.14/bun-darwin-aarch64.zip"

[tools.bun."platforms.macos-x64"]
checksum = "sha256:4183df3374623e5bab315c547cfa0974533cd457d86b73b639f7a87974cd6633"
url = "https://github.com/oven-sh/bun/releases/download/bun-v1.3.14/bun-darwin-x64.zip"

[tools.bun."platforms.macos-x64-baseline"]
checksum = "sha256:3e35ad6f53971a9834bf9e6786e2adf72b5f1921cc9a9c5fde073d2972944076"
url = "https://github.com/oven-sh/bun/releases/download/bun-v1.3.14/bun-darwin-x64-baseline.zip"

[tools.bun."platforms.windows-x64"]
checksum = "sha256:0a0620930b6675d7ba440e81f4e0e00d3cfbe096c4b140d3fff02205e9e18922"
url = "https://github.com/oven-sh/bun/releases/download/bun-v1.3.14/bun-windows-x64.zip"

[tools.bun."platforms.windows-x64-baseline"]
checksum = "sha256:538f9c846355d9e847b2671bc00c47da4229a0befb24df3282b739770f3b475f"
url = "https://github.com/oven-sh/bun/releases/download/bun-v1.3.14/bun-windows-x64-baseline.zip"

[[tools.gradle]]
version = "9.7.0"
backend = "aqua:gradle/gradle"

[tools.gradle."platforms.linux-arm64"]
checksum = "sha256:84fbba45c7f4c64abc77460e1c00f541e9f960e3c7ed2538f1ede19eacd873ae"
url = "https://github.com/gradle/gradle-distributions/releases/download/v9.7.0/gradle-9.7.0-bin.zip"
url_api = "https://api.github.com/repos/gradle/gradle-distributions/releases/assets/504018983"

[tools.gradle."platforms.linux-arm64-musl"]
checksum = "sha256:84fbba45c7f4c64abc77460e1c00f541e9f960e3c7ed2538f1ede19eacd873ae"
url = "https://github.com/gradle/gradle-distributions/releases/download/v9.7.0/gradle-9.7.0-bin.zip"
url_api = "https://api.github.com/repos/gradle/gradle-distributions/releases/assets/504018983"

[tools.gradle."platforms.linux-x64"]
checksum = "sha256:84fbba45c7f4c64abc77460e1c00f541e9f960e3c7ed2538f1ede19eacd873ae"
url = "https://github.com/gradle/gradle-distributions/releases/download/v9.7.0/gradle-9.7.0-bin.zip"
url_api = "https://api.github.com/repos/gradle/gradle-distributions/releases/assets/504018983"

[tools.gradle."platforms.linux-x64-baseline"]
checksum = "sha256:84fbba45c7f4c64abc77460e1c00f541e9f960e3c7ed2538f1ede19eacd873ae"
url = "https://github.com/gradle/gradle-distributions/releases/download/v9.7.0/gradle-9.7.0-bin.zip"
url_api = "https://api.github.com/repos/gradle/gradle-distributions/releases/assets/504018983"

[tools.gradle."platforms.linux-x64-musl"]
checksum = "sha256:84fbba45c7f4c64abc77460e1c00f541e9f960e3c7ed2538f1ede19eacd873ae"
url = "https://github.com/gradle/gradle-distributions/releases/download/v9.7.0/gradle-9.7.0-bin.zip"
url_api = "https://api.github.com/repos/gradle/gradle-distributions/releases/assets/504018983"

[tools.gradle."platforms.linux-x64-musl-baseline"]
checksum = "sha256:84fbba45c7f4c64abc77460e1c00f541e9f960e3c7ed2538f1ede19eacd873ae"
url = "https://github.com/gradle/gradle-distributions/releases/download/v9.7.0/gradle-9.7.0-bin.zip"
url_api = "https://api.github.com/repos/gradle/gradle-distributions/releases/assets/504018983"

[tools.gradle."platforms.macos-arm64"]
checksum = "sha256:84fbba45c7f4c64abc77460e1c00f541e9f960e3c7ed2538f1ede19eacd873ae"
url = "https://github.com/gradle/gradle-distributions/releases/download/v9.7.0/gradle-9.7.0-bin.zip"
url_api = "https://api.github.com/repos/gradle/gradle-distributions/releases/assets/504018983"

[tools.gradle."platforms.macos-x64"]
checksum = "sha256:84fbba45c7f4c64abc77460e1c00f541e9f960e3c7ed2538f1ede19eacd873ae"
url = "https://github.com/gradle/gradle-distributions/releases/download/v9.7.0/gradle-9.7.0-bin.zip"
url_api = "https://api.github.com/repos/gradle/gradle-distributions/releases/assets/504018983"

[tools.gradle."platforms.macos-x64-baseline"]
checksum = "sha256:84fbba45c7f4c64abc77460e1c00f541e9f960e3c7ed2538f1ede19eacd873ae"
url = "https://github.com/gradle/gradle-distributions/releases/download/v9.7.0/gradle-9.7.0-bin.zip"
url_api = "https://api.github.com/repos/gradle/gradle-distributions/releases/assets/504018983"

[tools.gradle."platforms.windows-x64"]
checksum = "sha256:84fbba45c7f4c64abc77460e1c00f541e9f960e3c7ed2538f1ede19eacd873ae"
url = "https://github.com/gradle/gradle-distributions/releases/download/v9.7.0/gradle-9.7.0-bin.zip"
url_api = "https://api.github.com/repos/gradle/gradle-distributions/releases/assets/504018983"

[tools.gradle."platforms.windows-x64-baseline"]
checksum = "sha256:84fbba45c7f4c64abc77460e1c00f541e9f960e3c7ed2538f1ede19eacd873ae"
url = "https://github.com/gradle/gradle-distributions/releases/download/v9.7.0/gradle-9.7.0-bin.zip"
url_api = "https://api.github.com/repos/gradle/gradle-distributions/releases/assets/504018983"

[[tools.java]]
version = "temurin-21.0.12+8.0.LTS"
backend = "core:java"

[tools.java."platforms.linux-arm64"]
checksum = "sha256:eba38e871b02d407897bfe017ea35352dfc1420ef6d2112425b0c67325ca509d"
url = "https://github.com/adoptium/temurin21-binaries/releases/download/jdk-21.0.12%2B8/OpenJDK21U-jdk_aarch64_linux_hotspot_21.0.12_8.tar.gz"

[tools.java."platforms.linux-arm64-musl"]
checksum = "sha256:a32f7655011640ed8fb4347fffa2588cb7538de2f2e82027845816740560e2b1"
url = "https://github.com/adoptium/temurin21-binaries/releases/download/jdk-21.0.12%2B8/OpenJDK21U-jdk_aarch64_alpine-linux_hotspot_21.0.12_8.tar.gz"

[tools.java."platforms.linux-x64"]
checksum = "sha256:e4446ff06a276155697597cc0f1b15da004ff083f4964a35271ecee567177370"
url = "https://github.com/adoptium/temurin21-binaries/releases/download/jdk-21.0.12%2B8/OpenJDK21U-jdk_x64_linux_hotspot_21.0.12_8.tar.gz"

[tools.java."platforms.linux-x64-baseline"]
checksum = "sha256:e4446ff06a276155697597cc0f1b15da004ff083f4964a35271ecee567177370"
url = "https://github.com/adoptium/temurin21-binaries/releases/download/jdk-21.0.12%2B8/OpenJDK21U-jdk_x64_linux_hotspot_21.0.12_8.tar.gz"

[tools.java."platforms.linux-x64-musl"]
checksum = "sha256:073a48cb87f788a0cb283d81cc6d96cbc9d671d6a60a3ba6de62e66f0ea9dd47"
url = "https://github.com/adoptium/temurin21-binaries/releases/download/jdk-21.0.12%2B8/OpenJDK21U-jdk_x64_alpine-linux_hotspot_21.0.12_8.tar.gz"

[tools.java."platforms.linux-x64-musl-baseline"]
checksum = "sha256:073a48cb87f788a0cb283d81cc6d96cbc9d671d6a60a3ba6de62e66f0ea9dd47"
url = "https://github.com/adoptium/temurin21-binaries/releases/download/jdk-21.0.12%2B8/OpenJDK21U-jdk_x64_alpine-linux_hotspot_21.0.12_8.tar.gz"

[tools.java."platforms.macos-arm64"]
checksum = "sha256:021d629349ebc12a409faa517b837ec80ceee8f58a5ac85c788ecad07ca6881c"
url = "https://github.com/adoptium/temurin21-binaries/releases/download/jdk-21.0.12%2B8/OpenJDK21U-jdk_aarch64_mac_hotspot_21.0.12_8.tar.gz"

[tools.java."platforms.macos-x64"]
checksum = "sha256:6b85c260eea574a995eacd0b3ee23c8042aa93b23a08e6478edafca0a0333d7f"
url = "https://github.com/adoptium/temurin21-binaries/releases/download/jdk-21.0.12%2B8/OpenJDK21U-jdk_x64_mac_hotspot_21.0.12_8.tar.gz"

[tools.java."platforms.macos-x64-baseline"]
checksum = "sha256:6b85c260eea574a995eacd0b3ee23c8042aa93b23a08e6478edafca0a0333d7f"
url = "https://github.com/adoptium/temurin21-binaries/releases/download/jdk-21.0.12%2B8/OpenJDK21U-jdk_x64_mac_hotspot_21.0.12_8.tar.gz"

[tools.java."platforms.windows-x64"]
checksum = "sha256:9ba963ee2371874a74185d18bc7bb2ab9407df7683300855ed7606e0662321d0"
url = "https://github.com/adoptium/temurin21-binaries/releases/download/jdk-21.0.12%2B8/OpenJDK21U-jdk_x64_windows_hotspot_21.0.12_8.zip"

[tools.java."platforms.windows-x64-baseline"]
checksum = "sha256:9ba963ee2371874a74185d18bc7bb2ab9407df7683300855ed7606e0662321d0"
url = "https://github.com/adoptium/temurin21-binaries/releases/download/jdk-21.0.12%2B8/OpenJDK21U-jdk_x64_windows_hotspot_21.0.12_8.zip"

[[tools.node]]
version = "24.19.0"
backend = "core:node"

[tools.node."platforms.linux-arm64"]
checksum = "sha256:d28c8a5bf0a808f0ed434a1dce8c54ae98f0371c0bd86ac58abc613f73e6643f"
url = "https://nodejs.org/dist/v24.19.0/node-v24.19.0-linux-arm64.tar.gz"

[tools.node."platforms.linux-arm64-musl"]
checksum = "sha256:20824e4d35948fae5b337dccef47813b04d8995312f59df7386f2256d9f9ab7e"
url = "https://unofficial-builds.nodejs.org/download/release/v24.19.0/node-v24.19.0-linux-arm64-musl.tar.gz"

[tools.node."platforms.linux-x64"]
checksum = "sha256:f625d97cd707df4ff96254916fbc5ff014f09c09effe5a1e0ca8f6d41a8789d4"
url = "https://nodejs.org/dist/v24.19.0/node-v24.19.0-linux-x64.tar.gz"

[tools.node."platforms.linux-x64-baseline"]
checksum = "sha256:f625d97cd707df4ff96254916fbc5ff014f09c09effe5a1e0ca8f6d41a8789d4"
url = "https://nodejs.org/dist/v24.19.0/node-v24.19.0-linux-x64.tar.gz"

[tools.node."platforms.linux-x64-musl"]
checksum = "sha256:c60223786df14a5d23e220ebb8e60318f5322640a62f90e6d9e54d3a18da532e"
url = "https://unofficial-builds.nodejs.org/download/release/v24.19.0/node-v24.19.0-linux-x64-musl.tar.gz"

[tools.node."platforms.linux-x64-musl-baseline"]
checksum = "sha256:c60223786df14a5d23e220ebb8e60318f5322640a62f90e6d9e54d3a18da532e"
url = "https://unofficial-builds.nodejs.org/download/release/v24.19.0/node-v24.19.0-linux-x64-musl.tar.gz"

[tools.node."platforms.macos-arm64"]
checksum = "sha256:8294b7aa9b03997481c06babf1e8b270c859358f27da57a11509afe537ac381d"
url = "https://nodejs.org/dist/v24.19.0/node-v24.19.0-darwin-arm64.tar.gz"

[tools.node."platforms.macos-x64"]
checksum = "sha256:d1b5e999db158c62fe8f7267a4476b035d8bd93b1a605bac24a3f0dd166e3316"
url = "https://nodejs.org/dist/v24.19.0/node-v24.19.0-darwin-x64.tar.gz"

[tools.node."platforms.macos-x64-baseline"]
checksum = "sha256:d1b5e999db158c62fe8f7267a4476b035d8bd93b1a605bac24a3f0dd166e3316"
url = "https://nodejs.org/dist/v24.19.0/node-v24.19.0-darwin-x64.tar.gz"

[tools.node."platforms.windows-x64"]
checksum = "sha256:57f71ab3652e797d84acddc79c81cc9ff1c6ddb2a1974cdb83f00fee9bff4c73"
url = "https://nodejs.org/dist/v24.19.0/node-v24.19.0-win-x64.zip"

[tools.node."platforms.windows-x64-baseline"]
checksum = "sha256:57f71ab3652e797d84acddc79c81cc9ff1c6ddb2a1974cdb83f00fee9bff4c73"
url = "https://nodejs.org/dist/v24.19.0/node-v24.19.0-win-x64.zip"

[[tools."npm:@earendil-works/pi-coding-agent"]]
version = "0.84.2"
backend = "npm:@earendil-works/pi-coding-agent"

[[tools."npm:@juliantanx/aiusage"]]
version = "1.5.13"
backend = "npm:@juliantanx/aiusage"

[tools."npm:@juliantanx/aiusage".options]
allow_builds = '["better-sqlite3"]'

[[tools."npm:@openai/codex"]]
version = "0.148.0"
backend = "npm:@openai/codex"

[[tools."npm:eas-cli"]]
version = "22.0.0"
backend = "npm:eas-cli"

[[tools."npm:tree-sitter-cli"]]
version = "0.26.12"
backend = "npm:tree-sitter-cli"

[tools."npm:tree-sitter-cli".options]
allow_builds = '["tree-sitter-cli"]'

[[tools.op]]
version = "2.39.0"
backend = "vfox:op"

[tools.op."platforms.linux-arm64"]
url = "https://cache.agilebits.com/dist/1P/op2/pkg/v2.39.0/op_linux_arm64_v2.39.0.zip"

[tools.op."platforms.linux-arm64-musl"]
url = "https://cache.agilebits.com/dist/1P/op2/pkg/v2.39.0/op_linux_arm64_v2.39.0.zip"

[tools.op."platforms.linux-x64"]
url = "https://cache.agilebits.com/dist/1P/op2/pkg/v2.39.0/op_linux_amd64_v2.39.0.zip"

[tools.op."platforms.linux-x64-baseline"]
url = "https://cache.agilebits.com/dist/1P/op2/pkg/v2.39.0/op_linux_amd64_v2.39.0.zip"

[tools.op."platforms.linux-x64-musl"]
url = "https://cache.agilebits.com/dist/1P/op2/pkg/v2.39.0/op_linux_amd64_v2.39.0.zip"

[tools.op."platforms.linux-x64-musl-baseline"]
url = "https://cache.agilebits.com/dist/1P/op2/pkg/v2.39.0/op_linux_amd64_v2.39.0.zip"

[tools.op."platforms.macos-arm64"]
url = "https://cache.agilebits.com/dist/1P/op2/pkg/v2.39.0/op_darwin_arm64_v2.39.0.zip"

[tools.op."platforms.macos-x64"]
url = "https://cache.agilebits.com/dist/1P/op2/pkg/v2.39.0/op_darwin_amd64_v2.39.0.zip"

[tools.op."platforms.macos-x64-baseline"]
url = "https://cache.agilebits.com/dist/1P/op2/pkg/v2.39.0/op_darwin_amd64_v2.39.0.zip"

[tools.op."platforms.windows-x64"]
url = "https://cache.agilebits.com/dist/1P/op2/pkg/v2.39.0/op_windows_amd64_v2.39.0.zip"

[tools.op."platforms.windows-x64-baseline"]
url = "https://cache.agilebits.com/dist/1P/op2/pkg/v2.39.0/op_windows_amd64_v2.39.0.zip"

[[tools.pitchfork]]
version = "2.22.0"
backend = "aqua:jdx/pitchfork"

[tools.pitchfork."platforms.linux-arm64"]
checksum = "sha256:7f9af294f0867e6b39f51d0ebeb9b30c900dedd2fa1faee56f23aedb5e9b8f75"
url = "https://github.com/jdx/pitchfork/releases/download/v2.22.0/pitchfork-aarch64-unknown-linux-gnu.tar.gz"
url_api = "https://api.github.com/repos/jdx/pitchfork/releases/assets/519295415"

[tools.pitchfork."platforms.linux-x64"]
checksum = "sha256:fd682a6efccd6d39a532157c26c306585cde07370fd96ddc2bfa6904248a977f"
url = "https://github.com/jdx/pitchfork/releases/download/v2.22.0/pitchfork-x86_64-unknown-linux-gnu.tar.gz"
url_api = "https://api.github.com/repos/jdx/pitchfork/releases/assets/519295975"

[tools.pitchfork."platforms.linux-x64-baseline"]
checksum = "sha256:fd682a6efccd6d39a532157c26c306585cde07370fd96ddc2bfa6904248a977f"
url = "https://github.com/jdx/pitchfork/releases/download/v2.22.0/pitchfork-x86_64-unknown-linux-gnu.tar.gz"
url_api = "https://api.github.com/repos/jdx/pitchfork/releases/assets/519295975"

[tools.pitchfork."platforms.macos-arm64"]
checksum = "sha256:80ff94a8ad589da4f52988acc63ef11ade513a6acebf39d4d11bc63eefb90d69"
url = "https://github.com/jdx/pitchfork/releases/download/v2.22.0/pitchfork-aarch64-apple-darwin.tar.gz"
url_api = "https://api.github.com/repos/jdx/pitchfork/releases/assets/519300593"

[tools.pitchfork."platforms.windows-x64"]
checksum = "sha256:b501664e6961b4944f0163dff6d44a80d217331e02690e967e303e2e92e06237"
url = "https://github.com/jdx/pitchfork/releases/download/v2.22.0/pitchfork-x86_64-pc-windows-msvc.zip"
url_api = "https://api.github.com/repos/jdx/pitchfork/releases/assets/519302598"

[tools.pitchfork."platforms.windows-x64-baseline"]
checksum = "sha256:b501664e6961b4944f0163dff6d44a80d217331e02690e967e303e2e92e06237"
url = "https://github.com/jdx/pitchfork/releases/download/v2.22.0/pitchfork-x86_64-pc-windows-msvc.zip"
url_api = "https://api.github.com/repos/jdx/pitchfork/releases/assets/519302598"

[[tools.python]]
version = "3.14.7"
backend = "core:python"

[tools.python."platforms.linux-arm64"]
checksum = "sha256:86dfb106b303fa6a1991f7da42ced3e11576f777be299b3162e06617b6d22542"
url = "https://github.com/astral-sh/python-build-standalone/releases/download/20260814/cpython-3.14.7+20260814-aarch64-unknown-linux-gnu-install_only_stripped.tar.gz"
provenance = "github-attestations"

[tools.python."platforms.linux-arm64-musl"]
checksum = "sha256:1bdbb1d5267120b5ba8531332be695693ba49567d28c40dd670545b6a25b70a7"
url = "https://github.com/astral-sh/python-build-standalone/releases/download/20260814/cpython-3.14.7+20260814-aarch64-unknown-linux-musl-install_only_stripped.tar.gz"
provenance = "github-attestations"

[tools.python."platforms.linux-x64"]
checksum = "sha256:cefba034445d2875408d1fd4d5700ae6731563aeb54dcb39fd8164ab5c457533"
url = "https://github.com/astral-sh/python-build-standalone/releases/download/20260814/cpython-3.14.7+20260814-x86_64-unknown-linux-gnu-install_only_stripped.tar.gz"
provenance = "github-attestations"

[tools.python."platforms.linux-x64-baseline"]
checksum = "sha256:3959f92825141e04adf44982d3a83ee57af0877e893b0796e04c1468749d9b04"
url = "https://github.com/astral-sh/python-build-standalone/releases/download/20260901/cpython-3.14.7+20260901-x86_64-unknown-linux-gnu-install_only_stripped.tar.gz"
provenance = "github-attestations"

[tools.python."platforms.linux-x64-musl"]
checksum = "sha256:d92793e7c75f88e0ebfe3f6dc9a80b1571e287537938c536b07c60f9c23d6360"
url = "https://github.com/astral-sh/python-build-standalone/releases/download/20260814/cpython-3.14.7+20260814-x86_64-unknown-linux-musl-install_only_stripped.tar.gz"
provenance = "github-attestations"

[tools.python."platforms.linux-x64-musl-baseline"]
checksum = "sha256:c773f8a7357c0d1a29e208a14bc16386731ca9c0d2e51f1b6741967fb0632cdc"
url = "https://github.com/astral-sh/python-build-standalone/releases/download/20260901/cpython-3.14.7+20260901-x86_64-unknown-linux-musl-install_only_stripped.tar.gz"
provenance = "github-attestations"

[tools.python."platforms.macos-arm64"]
checksum = "sha256:423717c485b9ee7822590b9d973c1b5fb2cda0fe43448ab82a3d44f823bd329c"
url = "https://github.com/astral-sh/python-build-standalone/releases/download/20260814/cpython-3.14.7+20260814-aarch64-apple-darwin-install_only_stripped.tar.gz"
provenance = "github-attestations"

[tools.python."platforms.macos-x64"]
checksum = "sha256:e085b44e21d9c60acd866680747e1f82800cf9a1630a369da1723976d87bead1"
url = "https://github.com/astral-sh/python-build-standalone/releases/download/20260814/cpython-3.14.7+20260814-x86_64-apple-darwin-install_only_stripped.tar.gz"
provenance = "github-attestations"

[tools.python."platforms.macos-x64-baseline"]
checksum = "sha256:7e151a7c9028855b61a7d6e78381f2020a1ef185281399f3b1aafc5e1c9a1a64"
url = "https://github.com/astral-sh/python-build-standalone/releases/download/20260901/cpython-3.14.7+20260901-x86_64-apple-darwin-install_only_stripped.tar.gz"
provenance = "github-attestations"

[tools.python."platforms.windows-x64"]
checksum = "sha256:649e1eebf754a5ca76ddfda8c498ff25c574599408b8a52b6a2c24265fd6314c"
url = "https://github.com/astral-sh/python-build-standalone/releases/download/20260814/cpython-3.14.7+20260814-x86_64-pc-windows-msvc-install_only_stripped.tar.gz"
provenance = "github-attestations"

[tools.python."platforms.windows-x64-baseline"]
checksum = "sha256:ca3c33ca924dfcab3b74205a7a58a88b0255135c53f95497b26b5e60700fd66d"
url = "https://github.com/astral-sh/python-build-standalone/releases/download/20260901/cpython-3.14.7+20260901-x86_64-pc-windows-msvc-install_only_stripped.tar.gz"
provenance = "github-attestations"

[[tools.uv]]
version = "0.12.5"
backend = "aqua:astral-sh/uv"

[tools.uv."platforms.linux-arm64"]
checksum = "sha256:9bf43b4d1a07665bf64d4c4e710930b382321a785e0eb10aac07f46471f86a31"
url = "https://github.com/astral-sh/uv/releases/download/0.12.5/uv-aarch64-unknown-linux-gnu.tar.gz"
url_api = "https://api.github.com/repos/astral-sh/uv/releases/assets/514850990"
provenance = "github-attestations"

[tools.uv."platforms.linux-arm64-musl"]
checksum = "sha256:8767a0e77f2cd45436401b1b42bf7e9ed5a4a91a74a5305d6fe93249d0f6dbc5"
url = "https://github.com/astral-sh/uv/releases/download/0.12.5/uv-aarch64-unknown-linux-musl.tar.gz"
url_api = "https://api.github.com/repos/astral-sh/uv/releases/assets/514850993"
provenance = "github-attestations"

[tools.uv."platforms.linux-x64"]
checksum = "sha256:68a509da24b06b4223a1c0175fb5eb5bc79342b76cbeff0cfe51ac3f5b17b6b2"
url = "https://github.com/astral-sh/uv/releases/download/0.12.5/uv-x86_64-unknown-linux-gnu.tar.gz"
url_api = "https://api.github.com/repos/astral-sh/uv/releases/assets/514851093"
provenance = "github-attestations"

[tools.uv."platforms.linux-x64-baseline"]
checksum = "sha256:68a509da24b06b4223a1c0175fb5eb5bc79342b76cbeff0cfe51ac3f5b17b6b2"
url = "https://github.com/astral-sh/uv/releases/download/0.12.5/uv-x86_64-unknown-linux-gnu.tar.gz"
url_api = "https://api.github.com/repos/astral-sh/uv/releases/assets/514851093"
provenance = "github-attestations"

[tools.uv."platforms.linux-x64-musl"]
checksum = "sha256:a4742988791c9aeae68c78150d6cba762062ad2a47e53738c2779d2b596bfcdb"
url = "https://github.com/astral-sh/uv/releases/download/0.12.5/uv-x86_64-unknown-linux-musl.tar.gz"
url_api = "https://api.github.com/repos/astral-sh/uv/releases/assets/514851105"
provenance = "github-attestations"

[tools.uv."platforms.linux-x64-musl-baseline"]
checksum = "sha256:a4742988791c9aeae68c78150d6cba762062ad2a47e53738c2779d2b596bfcdb"
url = "https://github.com/astral-sh/uv/releases/download/0.12.5/uv-x86_64-unknown-linux-musl.tar.gz"
url_api = "https://api.github.com/repos/astral-sh/uv/releases/assets/514851105"
provenance = "github-attestations"

[tools.uv."platforms.macos-arm64"]
checksum = "sha256:5bb0e5fe008a773c3dbcb97ff79cd89e1241464fe9d2f986d52ad8f1b037bd62"
url = "https://github.com/astral-sh/uv/releases/download/0.12.5/uv-aarch64-apple-darwin.tar.gz"
url_api = "https://api.github.com/repos/astral-sh/uv/releases/assets/514850968"
provenance = "github-attestations"

[tools.uv."platforms.macos-x64"]
checksum = "sha256:b3b2137477cf96c9686ebfb71524614cec780c673fd73e59bce099aef02e70e8"
url = "https://github.com/astral-sh/uv/releases/download/0.12.5/uv-x86_64-apple-darwin.tar.gz"
url_api = "https://api.github.com/repos/astral-sh/uv/releases/assets/514851078"
provenance = "github-attestations"

[tools.uv."platforms.macos-x64-baseline"]
checksum = "sha256:b3b2137477cf96c9686ebfb71524614cec780c673fd73e59bce099aef02e70e8"
url = "https://github.com/astral-sh/uv/releases/download/0.12.5/uv-x86_64-apple-darwin.tar.gz"
url_api = "https://api.github.com/repos/astral-sh/uv/releases/assets/514851078"
provenance = "github-attestations"

[tools.uv."platforms.windows-x64"]
checksum = "sha256:4c4d49d8738847d9b71ba319e49a5688c93eac0fe6204b1df24e98528dddf39a"
url = "https://github.com/astral-sh/uv/releases/download/0.12.5/uv-x86_64-pc-windows-msvc.zip"
url_api = "https://api.github.com/repos/astral-sh/uv/releases/assets/514851084"
provenance = "github-attestations"

[tools.uv."platforms.windows-x64-baseline"]
checksum = "sha256:4c4d49d8738847d9b71ba319e49a5688c93eac0fe6204b1df24e98528dddf39a"
url = "https://github.com/astral-sh/uv/releases/download/0.12.5/uv-x86_64-pc-windows-msvc.zip"
url_api = "https://api.github.com/repos/astral-sh/uv/releases/assets/514851084"
provenance = "github-attestations"
